
Microsoft Visual Studio Solution File, Format Version 12.00
# Visual Studio Version 17
VisualStudioVersion = 17.2.32616.157
MinimumVisualStudioVersion = 10.0.40219.1
Project("{FAE04EC0-301F-11D3-BF4B-00C04F79EFBC}") = "CabInvoiceGenerator", "CabInvoiceGenerator\CabInvoiceGenerator.csproj", "{C1D972E3-A529-413A-8A91-53664FB90BB6}"
EndProject
Project("{FAE04EC0-301F-11D3-BF4B-00C04F79EFBC}") = "CabInvoiceGeneratorTest", "CabInvoiceGeneratorTest\CabInvoiceGeneratorTest.csproj", "{6F01D444-EF0F-4814-BE7B-AFC265586C80}"
EndProject
Global
	GlobalSection(SolutionConfigurationPlatforms) = preSolution
		Debug|Any CPU = Debug|Any CPU
		Release|Any CPU = Release|Any CPU
	EndGlobalSection
	GlobalSection(ProjectConfigurationPlatforms) = postSolution
		{C1D972E3-A529-413A-8A91-53664FB90BB6}.Debug|Any CPU.ActiveCfg = Debug|Any CPU
		{C1D972E3-A529-413A-8A91-53664FB90BB6}.Debug|Any CPU.Build.0 = Debug|Any CPU
		{C1D972E3-A529-413A-8A91-53664FB90BB6}.Release|Any CPU.ActiveCfg = Release|Any CPU
		{C1D972E3-A529-413A-8A91-53664FB90BB6}.Release|Any CPU.Build.0 = Release|Any CPU
		{6F01D444-EF0F-4814-BE7B-AFC265586C80}.Debug|Any CPU.ActiveCfg = Debug|Any CPU
		{6F01D444-EF0F-4814-BE7B-AFC265586C80}.Debug|Any CPU.Build.0 = Debug|Any CPU
		{6F01D444-EF0F-4814-BE7B-AFC265586C80}.Release|Any CPU.ActiveCfg = Release|Any CPU
		{6F01D444-EF0F-4814-BE7B-AFC265586C80}.Release|Any CPU.Build.0 = Release|Any CPU
	EndGlobalSection
	GlobalSection(SolutionProperties) = preSolution
		HideSolutionNode = FALSE
	EndGlobalSection
	GlobalSection(ExtensibilityGlobals) = postSolution
		SolutionGuid = {B4915802-3FFA-4F20-852C-645E0C70B762}
	EndGlobalSection
EndGlobal
